
Microsoft Visual Studio Solution File, Format Version 12.00
# Visual Studio Version 16
VisualStudioVersion = 16.0.32901.82
MinimumVisualStudioVersion = 10.0.40219.1
Project("{8BC9CEB8-8B4A-11D0-8D11-00A0C91BC942}") = "E04-Real", "E04-Real\E04-Real.vcxproj", "{20C09000-7021-47A0-BF4A-FFD6E795D780}"
EndProject
Global
	GlobalSection(SolutionConfigurationPlatforms) = preSolution
		Debug|x64 = Debug|x64
		Debug|x86 = Debug|x86
		Release|x64 = Release|x64
		Release|x86 = Release|x86
	EndGlobalSection
	GlobalSection(ProjectConfigurationPlatforms) = postSolution
		{20C09000-7021-47A0-BF4A-FFD6E795D780}.Debug|x64.ActiveCfg = Debug|x64
		{20C09000-7021-47A0-BF4A-FFD6E795D780}.Debug|x64.Build.0 = Debug|x64
		{20C09000-7021-47A0-BF4A-FFD6E795D780}.Debug|x86.ActiveCfg = Debug|Win32
		{20C09000-7021-47A0-BF4A-FFD6E795D780}.Debug|x86.Build.0 = Debug|Win32
		{20C09000-7021-47A0-BF4A-FFD6E795D780}.Release|x64.ActiveCfg = Release|x64
		{20C09000-7021-47A0-BF4A-FFD6E795D780}.Release|x64.Build.0 = Release|x64
		{20C09000-7021-47A0-BF4A-FFD6E795D780}.Release|x86.ActiveCfg = Release|Win32
		{20C09000-7021-47A0-BF4A-FFD6E795D780}.Release|x86.Build.0 = Release|Win32
	EndGlobalSection
	GlobalSection(SolutionProperties) = preSolution
		HideSolutionNode = FALSE
	EndGlobalSection
	GlobalSection(ExtensibilityGlobals) = postSolution
		SolutionGuid = {DB44FA45-E7FE-48CE-AF56-269036D7267B}
	EndGlobalSection
EndGlobal
